// !$*UTF8*$!
{
	archiveVersion = 1;
	classes = {
	};
	objectVersion = 50;
	objects = {

/* Begin PBXBuildFile section */
		BF63F63E281E919500AAD17D /* AppDelegate.swift in Sources */ = {isa = PBXBuildFile; fileRef = BF63F63D281E919500AAD17D /* AppDelegate.swift */; };
		BF63F640281E919500AAD17D /* ViewController.swift in Sources */ = {isa = PBXBuildFile; fileRef = BF63F63F281E919500AAD17D /* ViewController.swift */; };
		BF63F642281E919600AAD17D /* Assets.xcassets in Resources */ = {isa = PBXBuildFile; fileRef = BF63F641281E919600AAD17D /* Assets.xcassets */; };
		BF63F645281E919600AAD17D /* Main.storyboard in Resources */ = {isa = PBXBuildFile; fileRef = BF63F643281E919600AAD17D /* Main.storyboard */; };
		BF63F651281E919700AAD17D /* MyFirstTDDTests.swift in Sources */ = {isa = PBXBuildFile; fileRef = BF63F650281E919700AAD17D /* MyFirstTDDTests.swift */; };
		BF63F65C281E919700AAD17D /* MyFirstTDDUITests.swift in Sources */ = {isa = PBXBuildFile; fileRef = BF63F65B281E919700AAD17D /* MyFirstTDDUITests.swift */; };
/* End PBXBuildFile section */

/* Begin PBXContainerItemProxy section */
		BF63F64D281E919700AAD17D /* PBXContainerItemProxy */ = {
			isa = PBXContainerItemProxy;
			containerPortal = BF63F632281E919500AAD17D /* Project object */;
			proxyType = 1;
			remoteGlobalIDString = BF63F639281E919500AAD17D;
			remoteInfo = MyFirstTDD;
		};
		BF63F658281E919700AAD17D /* PBXContainerItemProxy */ = {
			isa = PBXContainerItemProxy;
			containerPortal = BF63F632281E919500AAD17D /* Project object */;
			proxyType = 1;
			remoteGlobalIDString = BF63F639281E919500AAD17D;
			remoteInfo = MyFirstTDD;
		};
/* End PBXContainerItemProxy section */

/* Begin PBXFileReference section */
		BF63F63A281E919500AAD17D /* MyFirstTDD.app */ = {isa = PBXFileReference; explicitFileType = wrapper.application; includeInIndex = 0; path = MyFirstTDD.app; sourceTree = BUILT_PRODUCTS_DIR; };
		BF63F63D281E919500AAD17D /* AppDelegate.swift */ = {isa = PBXFileReference; lastKnownFileType = sourcecode.swift; path = AppDelegate.swift; sourceTree = "<group>"; };
		BF63F63F281E919500AAD17D /* ViewController.swift */ = {isa = PBXFileReference; lastKnownFileType = sourcecode.swift; path = ViewController.swift; sourceTree = "<group>"; };
		BF63F641281E919600AAD17D /* Assets.xcassets */ = {isa = PBXFileReference; lastKnownFileType = folder.assetcatalog; path = Assets.xcassets; sourceTree = "<group>"; };
		BF63F644281E919600AAD17D /* Base */ = {isa = PBXFileReference; lastKnownFileType = file.storyboard; name = Base; path = Base.lproj/Main.storyboard; sourceTree = "<group>"; };
		BF63F646281E919600AAD17D /* Info.plist */ = {isa = PBXFileReference; lastKnownFileType = text.plist.xml; path = Info.plist; sourceTree = "<group>"; };
		BF63F647281E919600AAD17D /* MyFirstTDD.entitlements */ = {isa = PBXFileReference; lastKnownFileType = text.plist.entitlements; path = MyFirstTDD.entitlements; sourceTree = "<group>"; };
		BF63F64C281E919700AAD17D /* MyFirstTDDTests.xctest */ = {isa = PBXFileReference; explicitFileType = wrapper.cfbundle; includeInIndex = 0; path = MyFirstTDDTests.xctest; sourceTree = BUILT_PRODUCTS_DIR; };
		BF63F650281E919700AAD17D /* MyFirstTDDTests.swift */ = {isa = PBXFileReference; lastKnownFileType = sourcecode.swift; path = MyFirstTDDTests.swift; sourceTree = "<group>"; };
		BF63F652281E919700AAD17D /* Info.plist */ = {isa = PBXFileReference; lastKnownFileType = text.plist.xml; path = Info.plist; sourceTree = "<group>"; };
		BF63F657281E919700AAD17D /* MyFirstTDDUITests.xctest */ = {isa = PBXFileReference; explicitFileType = wrapper.cfbundle; includeInIndex = 0; path = MyFirstTDDUITests.xctest; sourceTree = BUILT_PRODUCTS_DIR; };
		BF63F65B281E919700AAD17D /* MyFirstTDDUITests.swift */ = {isa = PBXFileReference; lastKnownFileType = sourcecode.swift; path = MyFirstTDDUITests.swift; sourceTree = "<group>"; };
		BF63F65D281E919700AAD17D /* Info.plist */ = {isa = PBXFileReference; lastKnownFileType = text.plist.xml; path = Info.plist; sourceTree = "<group>"; };
/* End PBXFileReference section */

/* Begin PBXFrameworksBuildPhase section */
		BF63F637281E919500AAD17D /* Frameworks */ = {
			isa = PBXFrameworksBuildPhase;
			buildActionMask = 2147483647;
			files = (
			);
			runOnlyForDeploymentPostprocessing = 0;
		};
		BF63F649281E919700AAD17D /* Frameworks */ = {
			isa = PBXFrameworksBuildPhase;
			buildActionMask = 2147483647;
			files = (
			);
			runOnlyForDeploymentPostprocessing = 0;
		};
		BF63F654281E919700AAD17D /* Frameworks */ = {
			isa = PBXFrameworksBuildPhase;
			buildActionMask = 2147483647;
			files = (
			);
			runOnlyForDeploymentPostprocessing = 0;
		};
/* End PBXFrameworksBuildPhase section */

/* Begin PBXGroup section */
		BF63F631281E919500AAD17D = {
			isa = PBXGroup;
			children = (
				BF63F63C281E919500AAD17D /* MyFirstTDD */,
				BF63F64F281E919700AAD17D /* MyFirstTDDTests */,
				BF63F65A281E919700AAD17D /* MyFirstTDDUITests */,
				BF63F63B281E919500AAD17D /* Products */,
			);
			sourceTree = "<group>";
		};
		BF63F63B281E919500AAD17D /* Products */ = {
			isa = PBXGroup;
			children = (
				BF63F63A281E919500AAD17D /* MyFirstTDD.app */,
				BF63F64C281E919700AAD17D /* MyFirstTDDTests.xctest */,
				BF63F657281E919700AAD17D /* MyFirstTDDUITests.xctest */,
			);
			name = Products;
			sourceTree = "<group>";
		};
		BF63F63C281E919500AAD17D /* MyFirstTDD */ = {
			isa = PBXGroup;
			children = (
				BF63F63D281E919500AAD17D /* AppDelegate.swift */,
				BF63F63F281E919500AAD17D /* ViewController.swift */,
				BF63F641281E919600AAD17D /* Assets.xcassets */,
				BF63F643281E919600AAD17D /* Main.storyboard */,
				BF63F646281E919600AAD17D /* Info.plist */,
				BF63F647281E919600AAD17D /* MyFirstTDD.entitlements */,
			);
			path = MyFirstTDD;
			sourceTree = "<group>";
		};
		BF63F64F281E919700AAD17D /* MyFirstTDDTests */ = {
			isa = PBXGroup;
			children = (
				BF63F650281E919700AAD17D /* MyFirstTDDTests.swift */,
				BF63F652281E919700AAD17D /* Info.plist */,
			);
			path = MyFirstTDDTests;
			sourceTree = "<group>";
		};
		BF63F65A281E919700AAD17D /* MyFirstTDDUITests */ = {
			isa = PBXGroup;
			children = (
				BF63F65B281E919700AAD17D /* MyFirstTDDUITests.swift */,
				BF63F65D281E919700AAD17D /* Info.plist */,
			);
			path = MyFirstTDDUITests;
			sourceTree = "<group>";
		};
/* End PBXGroup section */

/* Begin PBXNativeTarget section */
		BF63F639281E919500AAD17D /* MyFirstTDD */ = {
			isa = PBXNativeTarget;
			buildConfigurationList = BF63F660281E919700AAD17D /* Build configuration list for PBXNativeTarget "MyFirstTDD" */;
			buildPhases = (
				BF63F636281E919500AAD17D /* Sources */,
				BF63F637281E919500AAD17D /* Frameworks */,
				BF63F638281E919500AAD17D /* Resources */,
			);
			buildRules = (
			);
			dependencies = (
			);
			name = MyFirstTDD;
			productName = MyFirstTDD;
			productReference = BF63F63A281E919500AAD17D /* MyFirstTDD.app */;
			productType = "com.apple.product-type.application";
		};
		BF63F64B281E919700AAD17D /* MyFirstTDDTests */ = {
			isa = PBXNativeTarget;
			buildConfigurationList = BF63F663281E919700AAD17D /* Build configuration list for PBXNativeTarget "MyFirstTDDTests" */;
			buildPhases = (
				BF63F648281E919700AAD17D /* Sources */,
				BF63F649281E919700AAD17D /* Frameworks */,
				BF63F64A281E919700AAD17D /* Resources */,
			);
			buildRules = (
			);
			dependencies = (
				BF63F64E281E919700AAD17D /* PBXTargetDependency */,
			);
			name = MyFirstTDDTests;
			productName = MyFirstTDDTests;
			productReference = BF63F64C281E919700AAD17D /* MyFirstTDDTests.xctest */;
			productType = "com.apple.product-type.bundle.unit-test";
		};
		BF63F656281E919700AAD17D /* MyFirstTDDUITests */ = {
			isa = PBXNativeTarget;
			buildConfigurationList = BF63F666281E919700AAD17D /* Build configuration list for PBXNativeTarget "MyFirstTDDUITests" */;
			buildPhases = (
				BF63F653281E919700AAD17D /* Sources */,
				BF63F654281E919700AAD17D /* Frameworks */,
				BF63F655281E919700AAD17D /* Resources */,
			);
			buildRules = (
			);
			dependencies = (
				BF63F659281E919700AAD17D /* PBXTargetDependency */,
			);
			name = MyFirstTDDUITests;
			productName = MyFirstTDDUITests;
			productReference = BF63F657281E919700AAD17D /* MyFirstTDDUITests.xctest */;
			productType = "com.apple.product-type.bundle.ui-testing";
		};
/* End PBXNativeTarget section */

/* Begin PBXProject section */
		BF63F632281E919500AAD17D /* Project object */ = {
			isa = PBXProject;
			attributes = {
				LastSwiftUpdateCheck = 1240;
				LastUpgradeCheck = 1240;
				TargetAttributes = {
					BF63F639281E919500AAD17D = {
						CreatedOnToolsVersion = 12.4;
					};
					BF63F64B281E919700AAD17D = {
						CreatedOnToolsVersion = 12.4;
						TestTargetID = BF63F639281E919500AAD17D;
					};
					BF63F656281E919700AAD17D = {
						CreatedOnToolsVersion = 12.4;
						TestTargetID = BF63F639281E919500AAD17D;
					};
				};
			};
			buildConfigurationList = BF63F635281E919500AAD17D /* Build configuration list for PBXProject "MyFirstTDD" */;
			compatibilityVersion = "Xcode 9.3";
			developmentRegion = en;
			hasScannedForEncodings = 0;
			knownRegions = (
				en,
				Base,
			);
			mainGroup = BF63F631281E919500AAD17D;
			productRefGroup = BF63F63B281E919500AAD17D /* Products */;
			projectDirPath = "";
			projectRoot = "";
			targets = (
				BF63F639281E919500AAD17D /* MyFirstTDD */,
				BF63F64B281E919700AAD17D /* MyFirstTDDTests */,
				BF63F656281E919700AAD17D /* MyFirstTDDUITests */,
			);
		};
/* End PBXProject section */

/* Begin PBXResourcesBuildPhase section */
		BF63F638281E919500AAD17D /* Resources */ = {
			isa = PBXResourcesBuildPhase;
			buildActionMask = 2147483647;
			files = (
				BF63F642281E919600AAD17D /* Assets.xcassets in Resources */,
				BF63F645281E919600AAD17D /* Main.storyboard in Resources */,
			);
			runOnlyForDeploymentPostprocessing = 0;
		};
		BF63F64A281E919700AAD17D /* Resources */ = {
			isa = PBXResourcesBuildPhase;
			buildActionMask = 2147483647;
			files = (
			);
			runOnlyForDeploymentPostprocessing = 0;
		};
		BF63F655281E919700AAD17D /* Resources */ = {
			isa = PBXResourcesBuildPhase;
			buildActionMask = 2147483647;
			files = (
			);
			runOnlyForDeploymentPostprocessing = 0;
		};
/* End PBXResourcesBuildPhase section */

/* Begin PBXSourcesBuildPhase section */
		BF63F636281E919500AAD17D /* Sources */ = {
			isa = PBXSourcesBuildPhase;
			buildActionMask = 2147483647;
			files = (
				BF63F640281E919500AAD17D /* ViewController.swift in Sources */,
				BF63F63E281E919500AAD17D /* AppDelegate.swift in Sources */,
			);
			runOnlyForDeploymentPostprocessing = 0;
		};
		BF63F648281E919700AAD17D /* Sources */ = {
			isa = PBXSourcesBuildPhase;
			buildActionMask = 2147483647;
			files = (
				BF63F651281E919700AAD17D /* MyFirstTDDTests.swift in Sources */,
			);
			runOnlyForDeploymentPostprocessing = 0;
		};
		BF63F653281E919700AAD17D /* Sources */ = {
			isa = PBXSourcesBuildPhase;
			buildActionMask = 2147483647;
			files = (
				BF63F65C281E919700AAD17D /* MyFirstTDDUITests.swift in Sources */,
			);
			runOnlyForDeploymentPostprocessing = 0;
		};
/* End PBXSourcesBuildPhase section */

/* Begin PBXTargetDependency section */
		BF63F64E281E919700AAD17D /* PBXTargetDependency */ = {
			isa = PBXTargetDependency;
			target = BF63F639281E919500AAD17D /* MyFirstTDD */;
			targetProxy = BF63F64D281E919700AAD17D /* PBXContainerItemProxy */;
		};
		BF63F659281E919700AAD17D /* PBXTargetDependency */ = {
			isa = PBXTargetDependency;
			target = BF63F639281E919500AAD17D /* MyFirstTDD */;
			targetProxy = BF63F658281E919700AAD17D /* PBXContainerItemProxy */;
		};
/* End PBXTargetDependency section */

/* Begin PBXVariantGroup section */
		BF63F643281E919600AAD17D /* Main.storyboard */ = {
			isa = PBXVariantGroup;
			children = (
				BF63F644281E919600AAD17D /* Base */,
			);
			name = Main.storyboard;
			sourceTree = "<group>";
		};
/* End PBXVariantGroup section */

/* Begin XCBuildConfiguration section */
		BF63F65E281E919700AAD17D /* Debug */ = {
			isa = XCBuildConfiguration;
			buildSettings = {
				ALWAYS_SEARCH_USER_PATHS = NO;
				CLANG_ANALYZER_NONNULL = YES;
				CLANG_ANALYZER_NUMBER_OBJECT_CONVERSION = YES_AGGRESSIVE;
				CLANG_CXX_LANGUAGE_STANDARD = "gnu++14";
				CLANG_CXX_LIBRARY = "libc++";
				CLANG_ENABLE_MODULES = YES;
				CLANG_ENABLE_OBJC_ARC = YES;
				CLANG_ENABLE_OBJC_WEAK = YES;
				CLANG_WARN_BLOCK_CAPTURE_AUTORELEASING = YES;
				CLANG_WARN_BOOL_CONVERSION = YES;
				CLANG_WARN_COMMA = YES;
				CLANG_WARN_CONSTANT_CONVERSION = YES;
				CLANG_WARN_DEPRECATED_OBJC_IMPLEMENTATIONS = YES;
				CLANG_WARN_DIRECT_OBJC_ISA_USAGE = YES_ERROR;
				CLANG_WARN_DOCUMENTATION_COMMENTS = YES;
				CLANG_WARN_EMPTY_BODY = YES;
				CLANG_WARN_ENUM_CONVERSION = YES;
				CLANG_WARN_INFINITE_RECURSION = YES;
				CLANG_WARN_INT_CONVERSION = YES;
				CLANG_WARN_NON_LITERAL_NULL_CONVERSION = YES;
				CLANG_WARN_OBJC_IMPLICIT_RETAIN_SELF = YES;
				CLANG_WARN_OBJC_LITERAL_CONVERSION = YES;
				CLANG_WARN_OBJC_ROOT_CLASS = YES_ERROR;
				CLANG_WARN_QUOTED_INCLUDE_IN_FRAMEWORK_HEADER = YES;
				CLANG_WARN_RANGE_LOOP_ANALYSIS = YES;
				CLANG_WARN_STRICT_PROTOTYPES = YES;
				CLANG_WARN_SUSPICIOUS_MOVE = YES;
				CLANG_WARN_UNGUARDED_AVAILABILITY = YES_AGGRESSIVE;
				CLANG_WARN_UNREACHABLE_CODE = YES;
				CLANG_WARN__DUPLICATE_METHOD_MATCH = YES;
				COPY_PHASE_STRIP = NO;
				DEBUG_INFORMATION_FORMAT = dwarf;
				ENABLE_STRICT_OBJC_MSGSEND = YES;
				ENABLE_TESTABILITY = YES;
				GCC_C_LANGUAGE_STANDARD = gnu11;
				GCC_DYNAMIC_NO_PIC = NO;
				GCC_NO_COMMON_BLOCKS = YES;
				GCC_OPTIMIZATION_LEVEL = 0;
				GCC_PREPROCESSOR_DEFINITIONS = (
					"DEBUG=1",
					"$(inherited)",
				);
				GCC_WARN_64_TO_32_BIT_CONVERSION = YES;
				GCC_WARN_ABOUT_RETURN_TYPE = YES_ERROR;
				GCC_WARN_UNDECLARED_SELECTOR = YES;
				GCC_WARN_UNINITIALIZED_AUTOS = YES_AGGRESSIVE;
				GCC_WARN_UNUSED_FUNCTION = YES;
				GCC_WARN_UNUSED_VARIABLE = YES;
				MACOSX_DEPLOYMENT_TARGET = 10.15;
				MTL_ENABLE_DEBUG_INFO = INCLUDE_SOURCE;
				MTL_FAST_MATH = YES;
				ONLY_ACTIVE_ARCH = YES;
				SDKROOT = macosx;
				SWIFT_ACTIVE_COMPILATION_CONDITIONS = DEBUG;
				SWIFT_OPTIMIZATION_LEVEL = "-Onone";
			};
			name = Debug;
		};
		BF63F65F281E919700AAD17D /* Release */ = {
			isa = XCBuildConfiguration;
			buildSettings = {
				ALWAYS_SEARCH_USER_PATHS = NO;
				CLANG_ANALYZER_NONNULL = YES;
				CLANG_ANALYZER_NUMBER_OBJECT_CONVERSION = YES_AGGRESSIVE;
				CLANG_CXX_LANGUAGE_STANDARD = "gnu++14";
				CLANG_CXX_LIBRARY = "libc++";
				CLANG_ENABLE_MODULES = YES;
				CLANG_ENABLE_OBJC_ARC = YES;
				CLANG_ENABLE_OBJC_WEAK = YES;
				CLANG_WARN_BLOCK_CAPTURE_AUTORELEASING = YES;
				CLANG_WARN_BOOL_CONVERSION = YES;
				CLANG_WARN_COMMA = YES;
				CLANG_WARN_CONSTANT_CONVERSION = YES;
				CLANG_WARN_DEPRECATED_OBJC_IMPLEMENTATIONS = YES;
				CLANG_WARN_DIRECT_OBJC_ISA_USAGE = YES_ERROR;
				CLANG_WARN_DOCUMENTATION_COMMENTS = YES;
				CLANG_WARN_EMPTY_BODY = YES;
				CLANG_WARN_ENUM_CONVERSION = YES;
				CLANG_WARN_INFINITE_RECURSION = YES;
				CLANG_WARN_INT_CONVERSION = YES;
				CLANG_WARN_NON_LITERAL_NULL_CONVERSION = YES;
				CLANG_WARN_OBJC_IMPLICIT_RETAIN_SELF = YES;
				CLANG_WARN_OBJC_LITERAL_CONVERSION = YES;
				CLANG_WARN_OBJC_ROOT_CLASS = YES_ERROR;
				CLANG_WARN_QUOTED_INCLUDE_IN_FRAMEWORK_HEADER = YES;
				CLANG_WARN_RANGE_LOOP_ANALYSIS = YES;
				CLANG_WARN_STRICT_PROTOTYPES = YES;
				CLANG_WARN_SUSPICIOUS_MOVE = YES;
				CLANG_WARN_UNGUARDED_AVAILABILITY = YES_AGGRESSIVE;
				CLANG_WARN_UNREACHABLE_CODE = YES;
				CLANG_WARN__DUPLICATE_METHOD_MATCH = YES;
				COPY_PHASE_STRIP = NO;
				DEBUG_INFORMATION_FORMAT = "dwarf-with-dsym";
				ENABLE_NS_ASSERTIONS = NO;
				ENABLE_STRICT_OBJC_MSGSEND = YES;
				GCC_C_LANGUAGE_STANDARD = gnu11;
				GCC_NO_COMMON_BLOCKS = YES;
				GCC_WARN_64_TO_32_BIT_CONVERSION = YES;
				GCC_WARN_ABOUT_RETURN_TYPE = YES_ERROR;
				GCC_WARN_UNDECLARED_SELECTOR = YES;
				GCC_WARN_UNINITIALIZED_AUTOS = YES_AGGRESSIVE;
				GCC_WARN_UNUSED_FUNCTION = YES;
				GCC_WARN_UNUSED_VARIABLE = YES;
				MACOSX_DEPLOYMENT_TARGET = 10.15;
				MTL_ENABLE_DEBUG_INFO = NO;
				MTL_FAST_MATH = YES;
				SDKROOT = macosx;
				SWIFT_COMPILATION_MODE = wholemodule;
				SWIFT_OPTIMIZATION_LEVEL = "-O";
			};
			name = Release;
		};
		BF63F661281E919700AAD17D /* Debug */ = {
			isa = XCBuildConfiguration;
			buildSettings = {
				ASSETCATALOG_COMPILER_APPICON_NAME = AppIcon;
				ASSETCATALOG_COMPILER_GLOBAL_ACCENT_COLOR_NAME = AccentColor;
				CODE_SIGN_ENTITLEMENTS = MyFirstTDD/MyFirstTDD.entitlements;
				CODE_SIGN_STYLE = Automatic;
				COMBINE_HIDPI_IMAGES = YES;
				DEVELOPMENT_TEAM = 6RZRPUZ77T;
				ENABLE_HARDENED_RUNTIME = YES;
				INFOPLIST_FILE = MyFirstTDD/Info.plist;
				LD_RUNPATH_SEARCH_PATHS = (
					"$(inherited)",
					"@executable_path/../Frameworks",
				);
				PRODUCT_BUNDLE_IDENTIFIER = com.hwi.MyFirstTDD;
				PRODUCT_NAME = "$(TARGET_NAME)";
				SWIFT_VERSION = 5.0;
			};
			name = Debug;
		};
		BF63F662281E919700AAD17D /* Release */ = {
			isa = XCBuildConfiguration;
			buildSettings = {
				ASSETCATALOG_COMPILER_APPICON_NAME = AppIcon;
				ASSETCATALOG_COMPILER_GLOBAL_ACCENT_COLOR_NAME = AccentColor;
				CODE_SIGN_ENTITLEMENTS = MyFirstTDD/MyFirstTDD.entitlements;
				CODE_SIGN_STYLE = Automatic;
				COMBINE_HIDPI_IMAGES = YES;
				DEVELOPMENT_TEAM = 6RZRPUZ77T;
				ENABLE_HARDENED_RUNTIME = YES;
				INFOPLIST_FILE = MyFirstTDD/Info.plist;
				LD_RUNPATH_SEARCH_PATHS = (
					"$(inherited)",
					"@executable_path/../Frameworks",
				);
				PRODUCT_BUNDLE_IDENTIFIER = com.hwi.MyFirstTDD;
				PRODUCT_NAME = "$(TARGET_NAME)";
				SWIFT_VERSION = 5.0;
			};
			name = Release;
		};
		BF63F664281E919700AAD17D /* Debug */ = {
			isa = XCBuildConfiguration;
			buildSettings = {
				ALWAYS_EMBED_SWIFT_STANDARD_LIBRARIES = YES;
				BUNDLE_LOADER = "$(TEST_HOST)";
				CODE_SIGN_STYLE = Automatic;
				COMBINE_HIDPI_IMAGES = YES;
				DEVELOPMENT_TEAM = 6RZRPUZ77T;
				INFOPLIST_FILE = MyFirstTDDTests/Info.plist;
				LD_RUNPATH_SEARCH_PATHS = (
					"$(inherited)",
					"@executable_path/../Frameworks",
					"@loader_path/../Frameworks",
				);
				MACOSX_DEPLOYMENT_TARGET = 10.15;
				PRODUCT_BUNDLE_IDENTIFIER = com.hwi.MyFirstTDDTests;
				PRODUCT_NAME = "$(TARGET_NAME)";
				SWIFT_VERSION = 5.0;
				TEST_HOST = "$(BUILT_PRODUCTS_DIR)/MyFirstTDD.app/Contents/MacOS/MyFirstTDD";
			};
			name = Debug;
		};
		BF63F665281E919700AAD17D /* Release */ = {
			isa = XCBuildConfiguration;
			buildSettings = {
				ALWAYS_EMBED_SWIFT_STANDARD_LIBRARIES = YES;
				BUNDLE_LOADER = "$(TEST_HOST)";
				CODE_SIGN_STYLE = Automatic;
				COMBINE_HIDPI_IMAGES = YES;
				DEVELOPMENT_TEAM = 6RZRPUZ77T;
				INFOPLIST_FILE = MyFirstTDDTests/Info.plist;
				LD_RUNPATH_SEARCH_PATHS = (
					"$(inherited)",
					"@executable_path/../Frameworks",
					"@loader_path/../Frameworks",
				);
				MACOSX_DEPLOYMENT_TARGET = 10.15;
				PRODUCT_BUNDLE_IDENTIFIER = com.hwi.MyFirstTDDTests;
				PRODUCT_NAME = "$(TARGET_NAME)";
				SWIFT_VERSION = 5.0;
				TEST_HOST = "$(BUILT_PRODUCTS_DIR)/MyFirstTDD.app/Contents/MacOS/MyFirstTDD";
			};
			name = Release;
		};
		BF63F667281E919700AAD17D /* Debug */ = {
			isa = XCBuildConfiguration;
			buildSettings = {
				ALWAYS_EMBED_SWIFT_STANDARD_LIBRARIES = YES;
				CODE_SIGN_STYLE = Automatic;
				COMBINE_HIDPI_IMAGES = YES;
				DEVELOPMENT_TEAM = 6RZRPUZ77T;
				INFOPLIST_FILE = MyFirstTDDUITests/Info.plist;
				LD_RUNPATH_SEARCH_PATHS = (
					"$(inherited)",
					"@executable_path/../Frameworks",
					"@loader_path/../Frameworks",
				);
				PRODUCT_BUNDLE_IDENTIFIER = com.hwi.MyFirstTDDUITests;
				PRODUCT_NAME = "$(TARGET_NAME)";
				SWIFT_VERSION = 5.0;
				TEST_TARGET_NAME = MyFirstTDD;
			};
			name = Debug;
		};
		BF63F668281E919700AAD17D /* Release */ = {
			isa = XCBuildConfiguration;
			buildSettings = {
				ALWAYS_EMBED_SWIFT_STANDARD_LIBRARIES = YES;
				CODE_SIGN_STYLE = Automatic;
				COMBINE_HIDPI_IMAGES = YES;
				DEVELOPMENT_TEAM = 6RZRPUZ77T;
				INFOPLIST_FILE = MyFirstTDDUITests/Info.plist;
				LD_RUNPATH_SEARCH_PATHS = (
					"$(inherited)",
					"@executable_path/../Frameworks",
					"@loader_path/../Frameworks",
				);
				PRODUCT_BUNDLE_IDENTIFIER = com.hwi.MyFirstTDDUITests;
				PRODUCT_NAME = "$(TARGET_NAME)";
				SWIFT_VERSION = 5.0;
				TEST_TARGET_NAME = MyFirstTDD;
			};
			name = Release;
		};
/* End XCBuildConfiguration section */

/* Begin XCConfigurationList section */
		BF63F635281E919500AAD17D /* Build configuration list for PBXProject "MyFirstTDD" */ = {
			isa = XCConfigurationList;
			buildConfigurations = (
				BF63F65E281E919700AAD17D /* Debug */,
				BF63F65F281E919700AAD17D /* Release */,
			);
			defaultConfigurationIsVisible = 0;
			defaultConfigurationName = Release;
		};
		BF63F660281E919700AAD17D /* Build configuration list for PBXNativeTarget "MyFirstTDD" */ = {
			isa = XCConfigurationList;
			buildConfigurations = (
				BF63F661281E919700AAD17D /* Debug */,
				BF63F662281E919700AAD17D /* Release */,
			);
			defaultConfigurationIsVisible = 0;
			defaultConfigurationName = Release;
		};
		BF63F663281E919700AAD17D /* Build configuration list for PBXNativeTarget "MyFirstTDDTests" */ = {
			isa = XCConfigurationList;
			buildConfigurations = (
				BF63F664281E919700AAD17D /* Debug */,
				BF63F665281E919700AAD17D /* Release */,
			);
			defaultConfigurationIsVisible = 0;
			defaultConfigurationName = Release;
		};
		BF63F666281E919700AAD17D /* Build configuration list for PBXNativeTarget "MyFirstTDDUITests" */ = {
			isa = XCConfigurationList;
			buildConfigurations = (
				BF63F667281E919700AAD17D /* Debug */,
				BF63F668281E919700AAD17D /* Release */,
			);
			defaultConfigurationIsVisible = 0;
			defaultConfigurationName = Release;
		};
/* End XCConfigurationList section */
	};
	rootObject = BF63F632281E919500AAD17D /* Project object */;
}
